# This file is generated by running "yarn install" inside your project.
# Manual changes might be lost - proceed with caution!

__metadata:
  version: 6
  cacheKey: 8

"ansi-sequence-parser@npm:^1.1.0":
  version: 1.1.0
  resolution: "ansi-sequence-parser@npm:1.1.0"
  checksum: 75f4d3a4c555655a698aec05b5763cbddcd16ccccdbfd178fb0aa471ab74fdf98e031b875ef26e64be6a95cf970c89238744b26de6e34af97f316d5186b1df53
  languageName: node
  linkType: hard

"balanced-match@npm:^1.0.0":
  version: 1.0.2
  resolution: "balanced-match@npm:1.0.2"
  checksum: 9706c088a283058a8a99e0bf91b0a2f75497f185980d9ffa8b304de1d9e58ebda7c72c07ebf01dadedaac5b2907b2c6f566f660d62bd336c3468e960403b9d65
  languageName: node
  linkType: hard

"brace-expansion@npm:^2.0.1":
  version: 2.0.1
  resolution: "brace-expansion@npm:2.0.1"
  dependencies:
    balanced-match: ^1.0.0
  checksum: a61e7cd2e8a8505e9f0036b3b6108ba5e926b4b55089eeb5550cd04a471fe216c96d4fe7e4c7f995c728c554ae20ddfc4244cad10aef255e72b62930afd233d1
  languageName: node
  linkType: hard

"jsonc-parser@npm:^3.2.0":
  version: 3.2.0
  resolution: "jsonc-parser@npm:3.2.0"
  checksum: 946dd9a5f326b745aa326d48a7257e3f4a4b62c5e98ec8e49fa2bdd8d96cef7e6febf1399f5c7016114fd1f68a1c62c6138826d5d90bc650448e3cf0951c53c7
  languageName: node
  linkType: hard

"lunr@npm:^2.3.9":
  version: 2.3.9
  resolution: "lunr@npm:2.3.9"
  checksum: 176719e24fcce7d3cf1baccce9dd5633cd8bdc1f41ebe6a180112e5ee99d80373fe2454f5d4624d437e5a8319698ca6837b9950566e15d2cae5f2a543a3db4b8
  languageName: node
  linkType: hard

"marked@npm:^4.3.0":
  version: 4.3.0
  resolution: "marked@npm:4.3.0"
  bin:
    marked: bin/marked.js
  checksum: 0db6817893952c3ec710eb9ceafb8468bf5ae38cb0f92b7b083baa13d70b19774674be04db5b817681fa7c5c6a088f61300815e4dd75a59696f4716ad69f6260
  languageName: node
  linkType: hard

"minimatch@npm:^9.0.0":
  version: 9.0.2
  resolution: "minimatch@npm:9.0.2"
  dependencies:
    brace-expansion: ^2.0.1
  checksum: 2eb12e2047a062fdb973fb51b9803f2455e3a00977858c038d66646d303a5a15bbcbc6ed5a2fc403bc869b1309f829ed3acd881d3246faf044ea7a494974b924
  languageName: node
  linkType: hard

"root-workspace-0b6124@workspace:.":
  version: 0.0.0-use.local
  resolution: "root-workspace-0b6124@workspace:."
  dependencies:
    typedoc: 0.24.8
    typescript: ^4.6.2
  languageName: unknown
  linkType: soft

"shiki@npm:^0.14.1":
  version: 0.14.3
  resolution: "shiki@npm:0.14.3"
  dependencies:
    ansi-sequence-parser: ^1.1.0
    jsonc-parser: ^3.2.0
    vscode-oniguruma: ^1.7.0
    vscode-textmate: ^8.0.0
  checksum: a4dd98e3b2a5dd8be207448f111ffb9ad2ed6c530f215714d8b61cbf91ec3edbabb09109b8ec58a26678aacd24e8161d5a9bc0c1fa1b4f64b27ceb180cbd0c89
  languageName: node
  linkType: hard

"typedoc@npm:0.24.8":
  version: 0.24.8
  resolution: "typedoc@npm:0.24.8"
  dependencies:
    lunr: ^2.3.9
    marked: ^4.3.0
    minimatch: ^9.0.0
    shiki: ^0.14.1
  peerDependencies:
    typescript: 4.6.x || 4.7.x || 4.8.x || 4.9.x || 5.0.x || 5.1.x
  bin:
    typedoc: bin/typedoc
  checksum: a46a14497f789fb3594e6c3af2e45276934ac46df40b7ed15a504ee51dc7a8013a2ffb3a54fd73abca6a2b71f97d3ec9ad356fa9aa81d29743e4645a965a2ae0
  languageName: node
  linkType: hard

"typescript@npm:^4.6.2":
  version: 4.9.5
  resolution: "typescript@npm:4.9.5"
  bin:
    tsc: bin/tsc
    tsserver: bin/tsserver
  checksum: ee000bc26848147ad423b581bd250075662a354d84f0e06eb76d3b892328d8d4440b7487b5a83e851b12b255f55d71835b008a66cbf8f255a11e4400159237db
  languageName: node
  linkType: hard

"typescript@patch:typescript@^4.6.2#~builtin<compat/typescript>":
  version: 4.9.5
  resolution: "typescript@patch:typescript@npm%3A4.9.5#~builtin<compat/typescript>::version=4.9.5&hash=ad5954"
  bin:
    tsc: bin/tsc
    tsserver: bin/tsserver
  checksum: 8f6260acc86b56bfdda6004bc53f32ea548f543e8baef7071c8e34d29d292f3e375c8416556c8de10b24deef6933cd1c16a8233dc84a3dd43a13a13265d0faab
  languageName: node
  linkType: hard

"vscode-oniguruma@npm:^1.7.0":
  version: 1.7.0
  resolution: "vscode-oniguruma@npm:1.7.0"
  checksum: 53519d91d90593e6fb080260892e87d447e9b200c4964d766772b5053f5699066539d92100f77f1302c91e8fc5d9c772fbe40fe4c90f3d411a96d5a9b1e63f42
  languageName: node
  linkType: hard

"vscode-textmate@npm:^8.0.0":
  version: 8.0.0
  resolution: "vscode-textmate@npm:8.0.0"
  checksum: 127780dfea89559d70b8326df6ec344cfd701312dd7f3f591a718693812b7852c30b6715e3cfc8b3200a4e2515b4c96f0843c0eacc0a3020969b5de262c2a4bb
  languageName: node
  linkType: hard
