{
  "nodes": {
    "fenix": {
      "inputs": {
        "nixpkgs": [
          "nixpkgs"
        ],
        "rust-analyzer-src": "rust-analyzer-src"
      },
      "locked": {
        "lastModified": 1764571808,
        "narHash": "sha256-+oo9W5rz03TjfpNqDSLEQwgKiuBbjrHdORyTHli2RuM=",
        "rev": "df3c2e78ec13418f85c1f26e77a50f865ec57d38",
        "revCount": 2471,
        "type": "tarball",
        "url": "https://api.flakehub.com/f/pinned/nix-community/fenix/0.1.2471%2Brev-df3c2e78ec13418f85c1f26e77a50f865ec57d38/019ad905-65fc-7ba6-8d92-a0b2cf1c6ea6/source.tar.gz"
      },
      "original": {
        "type": "tarball",
        "url": "https://flakehub.com/f/nix-community/fenix/0.1"
      }
    },
    "nixpkgs": {
      "locked": {
        "lastModified": 1766070988,
        "narHash": "sha256-G/WVghka6c4bAzMhTwT2vjLccg/awmHkdKSd2JrycLc=",
        "rev": "c6245e83d836d0433170a16eb185cefe0572f8b8",
        "revCount": 913595,
        "type": "tarball",
        "url": "https://api.flakehub.com/f/pinned/NixOS/nixpkgs/0.1.913595%2Brev-c6245e83d836d0433170a16eb185cefe0572f8b8/019b38ed-77a4-7329-b290-49e4d1914b8c/source.tar.gz"
      },
      "original": {
        "type": "tarball",
        "url": "https://flakehub.com/f/NixOS/nixpkgs/0.1"
      }
    },
    "root": {
      "inputs": {
        "fenix": "fenix",
        "nixpkgs": "nixpkgs"
      }
    },
    "rust-analyzer-src": {
      "flake": false,
      "locked": {
        "lastModified": 1764525349,
        "narHash": "sha256-vR3vU9AwzMsBvjNeeG2inA5W/2MwseFk5NIIrLFEMHk=",
        "owner": "rust-lang",
        "repo": "rust-analyzer",
        "rev": "d646b23f000d099d845f999c2c1e05b15d9cdc78",
        "type": "github"
      },
      "original": {
        "owner": "rust-lang",
        "ref": "nightly",
        "repo": "rust-analyzer",
        "type": "github"
      }
    }
  },
  "root": "root",
  "version": 7
}
